Microsoft Visual Studio Solution File, Format Version 12.00
# Visual Studio Version 17
VisualStudioVersion = 17.0.31903.59
MinimumVisualStudioVersion = 10.0.40219.1

# Project definition using the standard C# GUID
Project("{FAE04EC0-301F-11D3-BF4B-00C04F79EFBC}") = "AimLabUnlocker", "AimLabUnlocker.csproj", "{8133EAF2-8D72-4049-9807-FC6FCD9B0348}"
EndProject

Global
	GlobalSection(SolutionConfigurationPlatforms) = preSolution
		Debug|Any CPU = Debug|Any CPU
		Release|Any CPU = Release|Any CPU
	EndGlobalSection
    
	GlobalSection(ProjectConfigurationPlatforms) = postSolution
		{8133EAF2-8D72-4049-9807-FC6FCD9B0348}.Debug|Any CPU.ActiveCfg = Debug|Any CPU
		{8133EAF2-8D72-4049-9807-FC6FCD9B0348}.Debug|Any CPU.Build.0 = Debug|Any CPU
		{8133EAF2-8D72-4049-9807-FC6FCD9B0348}.Release|Any CPU.ActiveCfg = Release|Any CPU
		{8133EAF2-8D72-4049-9807-FC6FCD9B0348}.Release|Any CPU.Build.0 = Release|Any CPU
	EndGlobalSection
    
	GlobalSection(SolutionProperties) = preSolution
		HideSolutionNode = FALSE
	EndGlobalSection
    
	GlobalSection(ExtensibilityGlobals) = postSolution
		SolutionGuid = {CD769551-1E94-4364-BE2C-B2616F44461D}
	EndGlobalSection
EndGlobal